# THIS IS AN AUTOGENERATED FILE. DO NOT EDIT THIS FILE DIRECTLY.
# yarn lockfile v1


"@ethersproject/abi@5.2.0", "@ethersproject/abi@^5.2.0":
  version "5.2.0"
  resolved "https://registry.yarnpkg.com/@ethersproject/abi/-/abi-5.2.0.tgz#e2ca0b7f7e3b83e4d427ed8b38fdc1c48e2bb00f"
  integrity sha512-24ExfHa0VbIOUHbB36b6lCVmWkaIVmrd9/m8MICtmSsRKzlugWqUD0B8g0zrRylXNxAOc3V6T4xKJ8jEDSvp3w==
  dependencies:
    "@ethersproject/address" "^5.2.0"
    "@ethersproject/bignumber" "^5.2.0"
    "@ethersproject/bytes" "^5.2.0"
    "@ethersproject/constants" "^5.2.0"
    "@ethersproject/hash" "^5.2.0"
    "@ethersproject/keccak256" "^5.2.0"
    "@ethersproject/logger" "^5.2.0"
    "@ethersproject/properties" "^5.2.0"
    "@ethersproject/strings" "^5.2.0"

"@ethersproject/abstract-provider@5.2.0", "@ethersproject/abstract-provider@^5.2.0":
  version "5.2.0"
  resolved "https://registry.yarnpkg.com/@ethersproject/abstract-provider/-/abstract-provider-5.2.0.tgz#b5c24b162f119b5d241738ded9555186013aa77d"
  integrity sha512-Xi7Pt+CulRijc/vskBGIaYMEhafKjoNx8y4RNj/dnSpXHXScOJUSTtypqGBUngZddRbcwZGbHwEr6DZoKZwIZA==
  dependencies:
    "@ethersproject/bignumber" "^5.2.0"
    "@ethersproject/bytes" "^5.2.0"
    "@ethersproject/logger" "^5.2.0"
    "@ethersproject/networks" "^5.2.0"
    "@ethersproject/properties" "^5.2.0"
    "@ethersproject/transactions" "^5.2.0"
    "@ethersproject/web" "^5.2.0"

"@ethersproject/abstract-signer@5.2.0", "@ethersproject/abstract-signer@^5.2.0":
  version "5.2.0"
  resolved "https://registry.yarnpkg.com/@ethersproject/abstract-signer/-/abstract-signer-5.2.0.tgz#8e291fb6558b4190fb3e2fe440a9ffd092a2f459"
  integrity sha512-JTXzLUrtoxpOEq1ecH86U7tstkEa9POKAGbGBb+gicbjGgzYYkLR4/LD83SX2/JNWvtYyY8t5errt5ehiy1gxQ==
  dependencies:
    "@ethersproject/abstract-provider" "^5.2.0"
    "@ethersproject/bignumber" "^5.2.0"
    "@ethersproject/bytes" "^5.2.0"
    "@ethersproject/logger" "^5.2.0"
    "@ethersproject/properties" "^5.2.0"

"@ethersproject/address@5.2.0", "@ethersproject/address@^5.2.0":
  version "5.2.0"
  resolved "https://registry.yarnpkg.com/@ethersproject/address/-/address-5.2.0.tgz#afcfa92db84582f54a60a9da361cea4aae450a69"
  integrity sha512-2YfZlalWefOEfnr/CdqKRrgMgbKidYc+zG4/ilxSdcryZSux3eBU5/5btAT/hSiaHipUjd8UrWK8esCBHU6QNQ==
  dependencies:
    "@ethersproject/bignumber" "^5.2.0"
    "@ethersproject/bytes" "^5.2.0"
    "@ethersproject/keccak256" "^5.2.0"
    "@ethersproject/logger" "^5.2.0"
    "@ethersproject/rlp" "^5.2.0"

"@ethersproject/base64@5.2.0", "@ethersproject/base64@^5.2.0":
  version "5.2.0"
  resolved "https://registry.yarnpkg.com/@ethersproject/base64/-/base64-5.2.0.tgz#e01066d25e5b4e8a051545163bee5def47bd9534"
  integrity sha512-D9wOvRE90QBI+yFsKMv0hnANiMzf40Xicq9JZbV9XYzh7srImmwmMcReU2wHjOs9FtEgSJo51Tt+sI1dKPYKDg==
  dependencies:
    "@ethersproject/bytes" "^5.2.0"

"@ethersproject/basex@5.2.0", "@ethersproject/basex@^5.2.0":
  version "5.2.0"
  resolved "https://registry.yarnpkg.com/@ethersproject/basex/-/basex-5.2.0.tgz#f921039e3bdfdab8c5a7ba8b21e81c83fc1ab98b"
  integrity sha512-Oo7oX7BmaHLY/8ZsOLI5W0mrSwPBb1iboosN17jfK/4vGAtKjAInDai9I72CzN4NRJaMN5FkFLoPYywGqgGHlg==
  dependencies:
    "@ethersproject/bytes" "^5.2.0"
    "@ethersproject/properties" "^5.2.0"

"@ethersproject/bignumber@5.2.0", "@ethersproject/bignumber@^5.2.0":
  version "5.2.0"
  resolved "https://registry.yarnpkg.com/@ethersproject/bignumber/-/bignumber-5.2.0.tgz#03f91ea740c5adb6f8c6a2e91bb4ee5ffaff5503"
  integrity sha512-+MNQTxwV7GEiA4NH/i51UqQ+lY36O0rxPdV+0qzjFSySiyBlJpLk6aaa4UTvKmYWlI7YKZm6vuyCENeYn7qAOw==
  dependencies:
    "@ethersproject/bytes" "^5.2.0"
    "@ethersproject/logger" "^5.2.0"
    bn.js "^4.4.0"

"@ethersproject/bytes@5.2.0", "@ethersproject/bytes@^5.2.0":
  version "5.2.0"
  resolved "https://registry.yarnpkg.com/@ethersproject/bytes/-/bytes-5.2.0.tgz#327917d5a1600f92fd2a9da4052fa6d974583132"
  integrity sha512-O1CRpvJDnRTB47vvW8vyqojUZxVookb4LJv/s06TotriU3Xje5WFvlvXJu1yTchtxTz9BbvJw0lFXKpyO6Dn7w==
  dependencies:
    "@ethersproject/logger" "^5.2.0"

"@ethersproject/constants@5.2.0", "@ethersproject/constants@^5.2.0":
  version "5.2.0"
  resolved "https://registry.yarnpkg.com/@ethersproject/constants/-/constants-5.2.0.tgz#ccea78ce325f78abfe7358397c03eec570518d92"
  integrity sha512-p+34YG0KbHS20NGdE+Ic0M6egzd7cDvcfoO9RpaAgyAYm3V5gJVqL7UynS87yCt6O6Nlx6wRFboPiM5ctAr+jA==
  dependencies:
    "@ethersproject/bignumber" "^5.2.0"

"@ethersproject/contracts@5.2.0":
  version "5.2.0"
  resolved "https://registry.yarnpkg.com/@ethersproject/contracts/-/contracts-5.2.0.tgz#f54e12ec4a323f2bf93c338034839cc6dfc1e347"
  integrity sha512-/2fg5tWPG6Z4pciEWpwGji3ggGA5j0ChVNF7NTmkOhvFrrJuWnRpzbvYA00nz8tBDNCOV3cwub5zfWRpgwYEJQ==
  dependencies:
    "@ethersproject/abi" "^5.2.0"
    "@ethersproject/abstract-provider" "^5.2.0"
    "@ethersproject/abstract-signer" "^5.2.0"
    "@ethersproject/address" "^5.2.0"
    "@ethersproject/bignumber" "^5.2.0"
    "@ethersproject/bytes" "^5.2.0"
    "@ethersproject/constants" "^5.2.0"
    "@ethersproject/logger" "^5.2.0"
    "@ethersproject/properties" "^5.2.0"
    "@ethersproject/transactions" "^5.2.0"

"@ethersproject/hash@5.2.0", "@ethersproject/hash@^5.2.0":
  version "5.2.0"
  resolved "https://registry.yarnpkg.com/@ethersproject/hash/-/hash-5.2.0.tgz#2d21901eafc5bdb738b4ad96bee364d371ec724b"
  integrity sha512-wEGry2HFFSssFiNEkFWMzj1vpdFv4rQlkBp41UfL6J58zKGNycoAWimokITDMk8p7548MKr27h48QfERnNKkRw==
  dependencies:
    "@ethersproject/abstract-signer" "^5.2.0"
    "@ethersproject/address" "^5.2.0"
    "@ethersproject/bignumber" "^5.2.0"
    "@ethersproject/bytes" "^5.2.0"
    "@ethersproject/keccak256" "^5.2.0"
    "@ethersproject/logger" "^5.2.0"
    "@ethersproject/properties" "^5.2.0"
    "@ethersproject/strings" "^5.2.0"

"@ethersproject/hdnode@5.2.0", "@ethersproject/hdnode@^5.2.0":
  version "5.2.0"
  resolved "https://registry.yarnpkg.com/@ethersproject/hdnode/-/hdnode-5.2.0.tgz#efea9b2f713e55aa5ba23cc62b4aac6d08dcfa53"
  integrity sha512-ffq2JrW5AftCmfWZ8DxpdWdw/x06Yn+e9wrWHLpj8If1+w87W4LbTMRUaUmO1DUSN8H8g/6kMUKCTJPVuxsuOw==
  dependencies:
    "@ethersproject/abstract-signer" "^5.2.0"
    "@ethersproject/basex" "^5.2.0"
    "@ethersproject/bignumber" "^5.2.0"
    "@ethersproject/bytes" "^5.2.0"
    "@ethersproject/logger" "^5.2.0"
    "@ethersproject/pbkdf2" "^5.2.0"
    "@ethersproject/properties" "^5.2.0"
    "@ethersproject/sha2" "^5.2.0"
    "@ethersproject/signing-key" "^5.2.0"
    "@ethersproject/strings" "^5.2.0"
    "@ethersproject/transactions" "^5.2.0"
    "@ethersproject/wordlists" "^5.2.0"

"@ethersproject/json-wallets@5.2.0", "@ethersproject/json-wallets@^5.2.0":
  version "5.2.0"
  resolved "https://registry.yarnpkg.com/@ethersproject/json-wallets/-/json-wallets-5.2.0.tgz#d41c7c39e4d236b586e26e2145b09ac49dc56608"
  integrity sha512-iWxSm9XiugEtaehYD6w1ImmXeatjcGcrQvffZVJHH1UqV4FckDzrOYnZBRHPQRYlnhNVrGTld1+S0Cu4MB8gdw==
  dependencies:
    "@ethersproject/abstract-signer" "^5.2.0"
    "@ethersproject/address" "^5.2.0"
    "@ethersproject/bytes" "^5.2.0"
    "@ethersproject/hdnode" "^5.2.0"
    "@ethersproject/keccak256" "^5.2.0"
    "@ethersproject/logger" "^5.2.0"
    "@ethersproject/pbkdf2" "^5.2.0"
    "@ethersproject/properties" "^5.2.0"
    "@ethersproject/random" "^5.2.0"
    "@ethersproject/strings" "^5.2.0"
    "@ethersproject/transactions" "^5.2.0"
    aes-js "3.0.0"
    scrypt-js "3.0.1"

"@ethersproject/keccak256@5.2.0", "@ethersproject/keccak256@^5.2.0":
  version "5.2.0"
  resolved "https://registry.yarnpkg.com/@ethersproject/keccak256/-/keccak256-5.2.0.tgz#15257862807c23f24a3209d1016d322dca85a464"
  integrity sha512-LqyxTwVANga5Y3L1yo184czW6b3PibabN8xyE/eOulQLLfXNrHHhwrOTpOhoVRWCICVCD/5SjQfwqTrczjS7jQ==
  dependencies:
    "@ethersproject/bytes" "^5.2.0"
    js-sha3 "0.5.7"

"@ethersproject/logger@5.2.0", "@ethersproject/logger@^5.2.0":
  version "5.2.0"
  resolved "https://registry.yarnpkg.com/@ethersproject/logger/-/logger-5.2.0.tgz#accf5348251f78b6c8891af67f42490a4ea4e5ae"
  integrity sha512-dPZ6/E3YiArgG8dI/spGkaRDry7YZpCntf4gm/c6SI8Mbqiihd7q3nuLN5VvDap/0K3xm3RE1AIUOcUwwh2ezQ==

"@ethersproject/networks@5.2.0", "@ethersproject/networks@^5.2.0":
  version "5.2.0"
  resolved "https://registry.yarnpkg.com/@ethersproject/networks/-/networks-5.2.0.tgz#66c23c6ac477dd703645b2c971ac842d8b8aa524"
  integrity sha512-q+htMgq7wQoEnjlkdHM6t1sktKxNbEB/F6DQBPNwru7KpQ1R0n0UTIXJB8Rb7lSnvjqcAQ40X3iVqm94NJfYDw==
  dependencies:
    "@ethersproject/logger" "^5.2.0"

"@ethersproject/pbkdf2@5.2.0", "@ethersproject/pbkdf2@^5.2.0":
  version "5.2.0"
  resolved "https://registry.yarnpkg.com/@ethersproject/pbkdf2/-/pbkdf2-5.2.0.tgz#8166a7a7238a5fd1d9bb6eb2000fea0f19fdde06"
  integrity sha512-qKOoO6yir/qnAgg6OP3U4gRuZ6jl9P7xwggRu/spVfnuaR+wa490AatWLqB1WOXKf6JFjm5yOaT/T5fCICQVdQ==
  dependencies:
    "@ethersproject/bytes" "^5.2.0"
    "@ethersproject/sha2" "^5.2.0"

"@ethersproject/properties@5.2.0", "@ethersproject/properties@^5.2.0":
  version "5.2.0"
  resolved "https://registry.yarnpkg.com/@ethersproject/properties/-/properties-5.2.0.tgz#8fadf367f7ac7357019d0224aa579b234c545ac1"
  integrity sha512-oNFkzcoGwXXV+/Yp/MLcDLrL/2i360XIy2YN9yRZJPnIbLwjroFNLiRzLs6PyPw1D09Xs8OcPR1/nHv6xDKE2A==
  dependencies:
    "@ethersproject/logger" "^5.2.0"

"@ethersproject/providers@5.2.0":
  version "5.2.0"
  resolved "https://registry.yarnpkg.com/@ethersproject/providers/-/providers-5.2.0.tgz#b2f3e3b2ca4567c8372543ceb6f3c6e3a2370783"
  integrity sha512-Yf/ZUqCrVr+jR0SHA9GuNZs4R1xnV9Ibnh1TlOa0ZzI6o+Qf8bEyE550k9bYI4zk2f9x9baX2RRs6BJY7Jz/WA==
  dependencies:
    "@ethersproject/abstract-provider" "^5.2.0"
    "@ethersproject/abstract-signer" "^5.2.0"
    "@ethersproject/address" "^5.2.0"
    "@ethersproject/basex" "^5.2.0"
    "@ethersproject/bignumber" "^5.2.0"
    "@ethersproject/bytes" "^5.2.0"
    "@ethersproject/constants" "^5.2.0"
    "@ethersproject/hash" "^5.2.0"
    "@ethersproject/logger" "^5.2.0"
    "@ethersproject/networks" "^5.2.0"
    "@ethersproject/properties" "^5.2.0"
    "@ethersproject/random" "^5.2.0"
    "@ethersproject/rlp" "^5.2.0"
    "@ethersproject/sha2" "^5.2.0"
    "@ethersproject/strings" "^5.2.0"
    "@ethersproject/transactions" "^5.2.0"
    "@ethersproject/web" "^5.2.0"
    bech32 "1.1.4"
    ws "7.2.3"

"@ethersproject/random@5.2.0", "@ethersproject/random@^5.2.0":
  version "5.2.0"
  resolved "https://registry.yarnpkg.com/@ethersproject/random/-/random-5.2.0.tgz#1d7e19f17d88eda56228a263063826829e49eebe"
  integrity sha512-7Nd3qjivBGlDCGDuGYjPi8CXdtVhRZ7NeyBXoJgtnJBwn1S01ahrbMeOUVmRVWrFM0YiSEPEGo7i4xEu2gRPcg==
  dependencies:
    "@ethersproject/bytes" "^5.2.0"
    "@ethersproject/logger" "^5.2.0"

"@ethersproject/rlp@5.2.0", "@ethersproject/rlp@^5.2.0":
  version "5.2.0"
  resolved "https://registry.yarnpkg.com/@ethersproject/rlp/-/rlp-5.2.0.tgz#bbf605183818a9d96bdc40323d734c79e26cfaca"
  integrity sha512-RqGsELtPWxcFhOOhSr0lQ2hBNT9tBE08WK0tb6VQbCk97EpqkbgP8yXED9PZlWMiRGchJTw6S+ExzK62XMX/fw==
  dependencies:
    "@ethersproject/bytes" "^5.2.0"
    "@ethersproject/logger" "^5.2.0"

"@ethersproject/sha2@5.2.0", "@ethersproject/sha2@^5.2.0":
  version "5.2.0"
  resolved "https://registry.yarnpkg.com/@ethersproject/sha2/-/sha2-5.2.0.tgz#ae18fa6c09c6d99fa2b564dac7276bcd513c1579"
  integrity sha512-Wqqptfn0PRO2mvmpktPW1HOLrrCyGtxhVQxO1ZyePoGrcEOurhICOlIvkTogoX4Q928D3Z9XtSSCUbdOJUF2kg==
  dependencies:
    "@ethersproject/bytes" "^5.2.0"
    "@ethersproject/logger" "^5.2.0"
    hash.js "1.1.3"

"@ethersproject/signing-key@5.2.0", "@ethersproject/signing-key@^5.2.0":
  version "5.2.0"
  resolved "https://registry.yarnpkg.com/@ethersproject/signing-key/-/signing-key-5.2.0.tgz#e8eb10d3c0f4a575479db8d70c62aaf93cd384d1"
  integrity sha512-9A+dVSkrVAPuhJnWqLWV/NkKi/KB4iagTKEuojfuApUfeIHEhpwQ0Jx3cBimk7qWISSSKdgiAmIqpvVtZ5FEkg==
  dependencies:
    "@ethersproject/bytes" "^5.2.0"
    "@ethersproject/logger" "^5.2.0"
    "@ethersproject/properties" "^5.2.0"
    bn.js "^4.4.0"
    elliptic "6.5.4"

"@ethersproject/solidity@5.2.0":
  version "5.2.0"
  resolved "https://registry.yarnpkg.com/@ethersproject/solidity/-/solidity-5.2.0.tgz#ac902d8f8b11bf58fd37ccf77392178cbbd0b08f"
  integrity sha512-EEFlNyEnONW3CWF8UGWPcqxJUHiaIoofO7itGwO/2gvGpnwlL+WUV+GmQoHNxmn+QJeOHspnZuh6NOVrJL6H1g==
  dependencies:
    "@ethersproject/bignumber" "^5.2.0"
    "@ethersproject/bytes" "^5.2.0"
    "@ethersproject/keccak256" "^5.2.0"
    "@ethersproject/sha2" "^5.2.0"
    "@ethersproject/strings" "^5.2.0"

"@ethersproject/strings@5.2.0", "@ethersproject/strings@^5.2.0":
  version "5.2.0"
  resolved "https://registry.yarnpkg.com/@ethersproject/strings/-/strings-5.2.0.tgz#e93d989859587191c3f64bda124d9dedbc3f5a97"
  integrity sha512-RmjX800wRYKgrzo2ZCSlA8OCQYyq4+M46VgjSVDVyYkLZctBXC3epqlppDA24R7eo856KNbXqezZsMnHT+sSuA==
  dependencies:
    "@ethersproject/bytes" "^5.2.0"
    "@ethersproject/constants" "^5.2.0"
    "@ethersproject/logger" "^5.2.0"

"@ethersproject/transactions@5.2.0", "@ethersproject/transactions@^5.2.0":
  version "5.2.0"
  resolved "https://registry.yarnpkg.com/@ethersproject/transactions/-/transactions-5.2.0.tgz#052e2ef8f8adf7037ebe4cc47aad2a61950e6491"
  integrity sha512-QrGbhGYsouNNclUp3tWMbckMsuXJTOsA56kT3BuRrLlXJcUH7myIihajXdSfKcyJsvHJPrGZP+U3TKh+sLzZtg==
  dependencies:
    "@ethersproject/address" "^5.2.0"
    "@ethersproject/bignumber" "^5.2.0"
    "@ethersproject/bytes" "^5.2.0"
    "@ethersproject/constants" "^5.2.0"
    "@ethersproject/keccak256" "^5.2.0"
    "@ethersproject/logger" "^5.2.0"
    "@ethersproject/properties" "^5.2.0"
    "@ethersproject/rlp" "^5.2.0"
    "@ethersproject/signing-key" "^5.2.0"

"@ethersproject/units@5.2.0":
  version "5.2.0"
  resolved "https://registry.yarnpkg.com/@ethersproject/units/-/units-5.2.0.tgz#08643e5d4583ecc1a32b103c1157f7ae80803392"
  integrity sha512-yrwlyomXcBBHp5oSrLxlLkyHN7dVu3PO7hMbQXc00h388zU4TF3o/PAIUhh+x695wgJ19Fa8YgUWCab3a1RDwA==
  dependencies:
    "@ethersproject/bignumber" "^5.2.0"
    "@ethersproject/constants" "^5.2.0"
    "@ethersproject/logger" "^5.2.0"

"@ethersproject/wallet@5.2.0":
  version "5.2.0"
  resolved "https://registry.yarnpkg.com/@ethersproject/wallet/-/wallet-5.2.0.tgz#b5a8406676067e34f633536a4cb53c2ff98c0b5c"
  integrity sha512-uPdjZwUmAJLo1+ybR/G/rL9pv/NEcCqOsjn6RJFvG7RmwP2kS1v5C+F+ysgx2W/PxBIVT+2IEsfXLbBz8s/6Rg==
  dependencies:
    "@ethersproject/abstract-provider" "^5.2.0"
    "@ethersproject/abstract-signer" "^5.2.0"
    "@ethersproject/address" "^5.2.0"
    "@ethersproject/bignumber" "^5.2.0"
    "@ethersproject/bytes" "^5.2.0"
    "@ethersproject/hash" "^5.2.0"
    "@ethersproject/hdnode" "^5.2.0"
    "@ethersproject/json-wallets" "^5.2.0"
    "@ethersproject/keccak256" "^5.2.0"
    "@ethersproject/logger" "^5.2.0"
    "@ethersproject/properties" "^5.2.0"
    "@ethersproject/random" "^5.2.0"
    "@ethersproject/signing-key" "^5.2.0"
    "@ethersproject/transactions" "^5.2.0"
    "@ethersproject/wordlists" "^5.2.0"

"@ethersproject/web@5.2.0", "@ethersproject/web@^5.2.0":
  version "5.2.0"
  resolved "https://registry.yarnpkg.com/@ethersproject/web/-/web-5.2.0.tgz#47d8e152e7fcc07ba0aff4f99fde268fde79dd7a"
  integrity sha512-mYb9qxGlOBFR2pR6t1CZczuqqX6r8RQGn7MtwrBciMex3cvA/qs+wbmcDgl+/OZY0Pco/ih6WHQRnVi+4sBeCQ==
  dependencies:
    "@ethersproject/base64" "^5.2.0"
    "@ethersproject/bytes" "^5.2.0"
    "@ethersproject/logger" "^5.2.0"
    "@ethersproject/properties" "^5.2.0"
    "@ethersproject/strings" "^5.2.0"

"@ethersproject/wordlists@5.2.0", "@ethersproject/wordlists@^5.2.0":
  version "5.2.0"
  resolved "https://registry.yarnpkg.com/@ethersproject/wordlists/-/wordlists-5.2.0.tgz#afcce0229e9ef64af1bf8a1e96571fa441e9f444"
  integrity sha512-/7TG5r/Zm8Wd9WhoqQ4QnntgMkIfIZ8QVrpU81muiChLD26XLOgmyiqKPL7K058uYt7UZ0wzbXjxyCYadU3xFQ==
  dependencies:
    "@ethersproject/bytes" "^5.2.0"
    "@ethersproject/hash" "^5.2.0"
    "@ethersproject/logger" "^5.2.0"
    "@ethersproject/properties" "^5.2.0"
    "@ethersproject/strings" "^5.2.0"

aes-js@3.0.0:
  version "3.0.0"
  resolved "https://registry.yarnpkg.com/aes-js/-/aes-js-3.0.0.tgz#e21df10ad6c2053295bcbb8dab40b09dbea87e4d"
  integrity sha1-4h3xCtbCBTKVvLuNq0Cwnb6ofk0=

bech32@1.1.4:
  version "1.1.4"
  resolved "https://registry.yarnpkg.com/bech32/-/bech32-1.1.4.tgz#e38c9f37bf179b8eb16ae3a772b40c356d4832e9"
  integrity sha512-s0IrSOzLlbvX7yp4WBfPITzpAU8sqQcpsmwXDiKwrG4r491vwCO/XpejasRNl0piBMe/DvP4Tz0mIS/X1DPJBQ==

bn.js@^4.11.9, bn.js@^4.4.0:
  version "4.12.0"
  resolved "https://registry.yarnpkg.com/bn.js/-/bn.js-4.12.0.tgz#775b3f278efbb9718eec7361f483fb36fbbfea88"
  integrity sha512-c98Bf3tPniI+scsdk237ku1Dc3ujXQTSgyiPUDEOe7tRkhrqridvh8klBv0HCEso1OLOYcHuCv/cS6DNxKH+ZA==

brorand@^1.1.0:
  version "1.1.0"
  resolved "https://registry.yarnpkg.com/brorand/-/brorand-1.1.0.tgz#12c25efe40a45e3c323eb8675a0a0ce57b22371f"
  integrity sha1-EsJe/kCkXjwyPrhnWgoM5XsiNx8=

dotenv@^10.0.0:
  version "10.0.0"
  resolved "https://registry.yarnpkg.com/dotenv/-/dotenv-10.0.0.tgz#3d4227b8fb95f81096cdd2b66653fb2c7085ba81"
  integrity sha512-rlBi9d8jpv9Sf1klPjNfFAuWDjKLwTIJJ/VxtoTwIR6hnZxcEOQCZg2oIL3MWBYw5GpUDKOEnND7LXTbIpQ03Q==

elliptic@6.5.4:
  version "6.5.4"
  resolved "https://registry.yarnpkg.com/elliptic/-/elliptic-6.5.4.tgz#da37cebd31e79a1367e941b592ed1fbebd58abbb"
  integrity sha512-iLhC6ULemrljPZb+QutR5TQGB+pdW6KGD5RSegS+8sorOZT+rdQFbsQFJgvN3eRqNALqJer4oQ16YvJHlU8hzQ==
  dependencies:
    bn.js "^4.11.9"
    brorand "^1.1.0"
    hash.js "^1.0.0"
    hmac-drbg "^1.0.1"
    inherits "^2.0.4"
    minimalistic-assert "^1.0.1"
    minimalistic-crypto-utils "^1.0.1"

ethers@^5.2.0:
  version "5.2.0"
  resolved "https://registry.yarnpkg.com/ethers/-/ethers-5.2.0.tgz#13452e35947ab5d77053286d1f7161ee666c85ba"
  integrity sha512-HqFGU2Qab0mAg3y1eHKVMXS4i1gTObMY0/4+x4LiO72NHhJL3Z795gnqyivmwG1J8e5NLSlRSfyIR7TL0Hw3ig==
  dependencies:
    "@ethersproject/abi" "5.2.0"
    "@ethersproject/abstract-provider" "5.2.0"
    "@ethersproject/abstract-signer" "5.2.0"
    "@ethersproject/address" "5.2.0"
    "@ethersproject/base64" "5.2.0"
    "@ethersproject/basex" "5.2.0"
    "@ethersproject/bignumber" "5.2.0"
    "@ethersproject/bytes" "5.2.0"
    "@ethersproject/constants" "5.2.0"
    "@ethersproject/contracts" "5.2.0"
    "@ethersproject/hash" "5.2.0"
    "@ethersproject/hdnode" "5.2.0"
    "@ethersproject/json-wallets" "5.2.0"
    "@ethersproject/keccak256" "5.2.0"
    "@ethersproject/logger" "5.2.0"
    "@ethersproject/networks" "5.2.0"
    "@ethersproject/pbkdf2" "5.2.0"
    "@ethersproject/properties" "5.2.0"
    "@ethersproject/providers" "5.2.0"
    "@ethersproject/random" "5.2.0"
    "@ethersproject/rlp" "5.2.0"
    "@ethersproject/sha2" "5.2.0"
    "@ethersproject/signing-key" "5.2.0"
    "@ethersproject/solidity" "5.2.0"
    "@ethersproject/strings" "5.2.0"
    "@ethersproject/transactions" "5.2.0"
    "@ethersproject/units" "5.2.0"
    "@ethersproject/wallet" "5.2.0"
    "@ethersproject/web" "5.2.0"
    "@ethersproject/wordlists" "5.2.0"

"folia-contracts@github:folia-app/folia-contracts#c884453356098b30050fc6c6e066b4c6464ff551":
  version "1.0.0"
  resolved "https://codeload.github.com/folia-app/folia-contracts/tar.gz/c884453356098b30050fc6c6e066b4c6464ff551"

hash.js@1.1.3:
  version "1.1.3"
  resolved "https://registry.yarnpkg.com/hash.js/-/hash.js-1.1.3.tgz#340dedbe6290187151c1ea1d777a3448935df846"
  integrity sha512-/UETyP0W22QILqS+6HowevwhEFJ3MBJnwTf75Qob9Wz9t0DPuisL8kW8YZMK62dHAKE1c1p+gY1TtOLY+USEHA==
  dependencies:
    inherits "^2.0.3"
    minimalistic-assert "^1.0.0"

hash.js@^1.0.0, hash.js@^1.0.3:
  version "1.1.7"
  resolved "https://registry.yarnpkg.com/hash.js/-/hash.js-1.1.7.tgz#0babca538e8d4ee4a0f8988d68866537a003cf42"
  integrity sha512-taOaskGt4z4SOANNseOviYDvjEJinIkRgmp7LbKP2YTTmVxWBl87s/uzK9r+44BclBSp2X7K1hqeNfz9JbBeXA==
  dependencies:
    inherits "^2.0.3"
    minimalistic-assert "^1.0.1"

hmac-drbg@^1.0.1:
  version "1.0.1"
  resolved "https://registry.yarnpkg.com/hmac-drbg/-/hmac-drbg-1.0.1.tgz#d2745701025a6c775a6c545793ed502fc0c649a1"
  integrity sha1-0nRXAQJabHdabFRXk+1QL8DGSaE=
  dependencies:
    hash.js "^1.0.3"
    minimalistic-assert "^1.0.0"
    minimalistic-crypto-utils "^1.0.1"

inherits@^2.0.3, inherits@^2.0.4:
  version "2.0.4"
  resolved "https://registry.yarnpkg.com/inherits/-/inherits-2.0.4.tgz#0fa2c64f932917c3433a0ded55363aae37416b7c"
  integrity sha512-k/vGaX4/Yla3WzyMCvTQOXYeIHvqOKtnqBduzTHpzpQZzAskKMhZ2K+EnBiSM9zGSoIFeMpXKxa4dYeZIQqewQ==

js-sha3@0.5.7:
  version "0.5.7"
  resolved "https://registry.yarnpkg.com/js-sha3/-/js-sha3-0.5.7.tgz#0d4ffd8002d5333aabaf4a23eed2f6374c9f28e7"
  integrity sha1-DU/9gALVMzqrr0oj7tL2N0yfKOc=

minimalistic-assert@^1.0.0, minimalistic-assert@^1.0.1:
  version "1.0.1"
  resolved "https://registry.yarnpkg.com/minimalistic-assert/-/minimalistic-assert-1.0.1.tgz#2e194de044626d4a10e7f7fbc00ce73e83e4d5c7"
  integrity sha512-UtJcAD4yEaGtjPezWuO9wC4nwUnVH/8/Im3yEHQP4b67cXlD/Qr9hdITCU1xDbSEXg2XKNaP8jsReV7vQd00/A==

minimalistic-crypto-utils@^1.0.1:
  version "1.0.1"
  resolved "https://registry.yarnpkg.com/minimalistic-crypto-utils/-/minimalistic-crypto-utils-1.0.1.tgz#f6c00c1c0b082246e5c4d99dfb8c7c083b2b582a"
  integrity sha1-9sAMHAsIIkblxNmd+4x8CDsrWCo=

scrypt-js@3.0.1:
  version "3.0.1"
  resolved "https://registry.yarnpkg.com/scrypt-js/-/scrypt-js-3.0.1.tgz#d314a57c2aef69d1ad98a138a21fe9eafa9ee312"
  integrity sha512-cdwTTnqPu0Hyvf5in5asVdZocVDTNRmR7XEcJuIzMjJeSHybHl7vpB66AzwTaIg6CLSbtjcxc8fqcySfnTkccA==

ws@7.2.3:
  version "7.2.3"
  resolved "https://registry.yarnpkg.com/ws/-/ws-7.2.3.tgz#a5411e1fb04d5ed0efee76d26d5c46d830c39b46"
  integrity sha512-HTDl9G9hbkNDk98naoR/cHDws7+EyYMOdL1BmjsZXRUjf7d+MficC4B7HLUPlSiho0vg+CWKrGIt/VJBd1xunQ==
